
Microsoft Visual Studio Solution File, Format Version 12.00
# Visual Studio Version 17
VisualStudioVersion = 17.2.32526.322
MinimumVisualStudioVersion = 10.0.40219.1
Project("{FAE04EC0-301F-11D3-BF4B-00C04F79EFBC}") = "eTickets", "eTickets\eTickets.csproj", "{21D7B25F-AA6D-43F9-AED6-B48A76B1863D}"
EndProject
Global
	GlobalSection(SolutionConfigurationPlatforms) = preSolution
		Debug|Any CPU = Debug|Any CPU
		Release|Any CPU = Release|Any CPU
	EndGlobalSection
	GlobalSection(ProjectConfigurationPlatforms) = postSolution
		{21D7B25F-AA6D-43F9-AED6-B48A76B1863D}.Debug|Any CPU.ActiveCfg = Debug|Any CPU
		{21D7B25F-AA6D-43F9-AED6-B48A76B1863D}.Debug|Any CPU.Build.0 = Debug|Any CPU
		{21D7B25F-AA6D-43F9-AED6-B48A76B1863D}.Release|Any CPU.ActiveCfg = Release|Any CPU
		{21D7B25F-AA6D-43F9-AED6-B48A76B1863D}.Release|Any CPU.Build.0 = Release|Any CPU
	EndGlobalSection
	GlobalSection(SolutionProperties) = preSolution
		HideSolutionNode = FALSE
	EndGlobalSection
	GlobalSection(ExtensibilityGlobals) = postSolution
		SolutionGuid = {7EC811BB-5A0A-40A5-865F-CCE423E34814}
	EndGlobalSection
EndGlobal
